
Microsoft Visual Studio Solution File, Format Version 12.00
# Visual Studio Version 17
VisualStudioVersion = 17.1.31911.260
MinimumVisualStudioVersion = 10.0.40219.1
Project("{FAE04EC0-301F-11D3-BF4B-00C04F79EFBC}") = "Blazor", "Blazor\Blazor.csproj", "{8AC38044-A057-4F1D-BE84-4F342BD81607}"
EndProject
Global
	GlobalSection(SolutionConfigurationPlatforms) = preSolution
		Debug|Any CPU = Debug|Any CPU
		Release|Any CPU = Release|Any CPU
	EndGlobalSection
	GlobalSection(ProjectConfigurationPlatforms) = postSolution
		{8AC38044-A057-4F1D-BE84-4F342BD81607}.Debug|Any CPU.ActiveCfg = Debug|Any CPU
		{8AC38044-A057-4F1D-BE84-4F342BD81607}.Debug|Any CPU.Build.0 = Debug|Any CPU
		{8AC38044-A057-4F1D-BE84-4F342BD81607}.Release|Any CPU.ActiveCfg = Release|Any CPU
		{8AC38044-A057-4F1D-BE84-4F342BD81607}.Release|Any CPU.Build.0 = Release|Any CPU
	EndGlobalSection
	GlobalSection(SolutionProperties) = preSolution
		HideSolutionNode = FALSE
	EndGlobalSection
	GlobalSection(ExtensibilityGlobals) = postSolution
		SolutionGuid = {10F075B0-F183-43F3-A15F-ED9DDEADC21F}
	EndGlobalSection
EndGlobal
